
Microsoft Visual Studio Solution File, Format Version 12.00
# Visual Studio Version 17
VisualStudioVersion = 17.14.36717.8
MinimumVisualStudioVersion = 10.0.40219.1
Project("{2150E333-8FDC-42A3-9474-1A3956D46DE8}") = "Task0", "Task0", "{02EA681E-C7D8-13C7-8484-4AC65E1B71E8}"
EndProject
Project("{FAE04EC0-301F-11D3-BF4B-00C04F79EFBC}") = "Tyuiu.RomanovskiiMP.Sprint1.Task0.V27.Lib", "Tyuiu.RomanovskiiMP.Sprint1.Task0.V27.Lib\Tyuiu.RomanovskiiMP.Sprint1.Task0.V27.Lib.csproj", "{7B831412-661F-4371-8D7C-F29DC2AB0A98}"
EndProject
Project("{FAE04EC0-301F-11D3-BF4B-00C04F79EFBC}") = "Tyuiu.RomanovskiiMP.Sprint1.Task0.V27", "Tyuiu.RomanovskiiMP.Sprint1.Task0.V27\Tyuiu.RomanovskiiMP.Sprint1.Task0.V27.csproj", "{B5BA18E9-CFF1-4401-8435-A2ACEA78C9D7}"
EndProject
Project("{FAE04EC0-301F-11D3-BF4B-00C04F79EFBC}") = "Tyuiu.RomanovskiiMP.Sprint1.Task0.V27.Test", "Tyuiu.RomanovskiiMP.Sprint1.Task0.V27.Test\Tyuiu.RomanovskiiMP.Sprint1.Task0.V27.Test.csproj", "{8BCF08B0-D9C4-4C9F-961E-4042EF686CBD}"
EndProject
Project("{2150E333-8FDC-42A3-9474-1A3956D46DE8}") = "Task1", "Task1", "{9665AAC4-A11E-4490-9A85-0987EBAEF6CE}"
EndProject
Project("{2150E333-8FDC-42A3-9474-1A3956D46DE8}") = "Task2", "Task2", "{2D9C40C3-6AB7-449A-B022-EA5E51772032}"
EndProject
Project("{FAE04EC0-301F-11D3-BF4B-00C04F79EFBC}") = "Tyuiu.RomanovskiiMP.Sprint1.Task2.V7.Lib", "Tyuiu.RomanovskiiMP.Sprint1.Task2.V7.Lib\Tyuiu.RomanovskiiMP.Sprint1.Task2.V7.Lib.csproj", "{E13BD7A1-3C16-43DE-B451-D7F0ADA247C1}"
EndProject
Project("{FAE04EC0-301F-11D3-BF4B-00C04F79EFBC}") = "Tyuiu.RomanovskiiMP.Sprint1.Task2.V7", "Tyuiu.RomanovskiiMP.Sprint1.Task2.V7\Tyuiu.RomanovskiiMP.Sprint1.Task2.V7.csproj", "{903F8C6F-7E36-4F45-801F-37E163FB78B4}"
EndProject
Project("{FAE04EC0-301F-11D3-BF4B-00C04F79EFBC}") = "Tyuiu.RomanovskiiMP.Sprint1.Task2.V7.Test", "Tyuiu.RomanovskiiMP.Sprint1.Task2.V7.Test\Tyuiu.RomanovskiiMP.Sprint1.Task2.V7.Test.csproj", "{DC64351F-C321-4C44-BA3C-D384A5CBC07B}"
EndProject
Project("{2150E333-8FDC-42A3-9474-1A3956D46DE8}") = "Task3", "Task3", "{99D8C3AC-A31B-421E-B62D-F9D1D71CB87B}"
EndProject
Project("{FAE04EC0-301F-11D3-BF4B-00C04F79EFBC}") = "Tyuiu.RomanovskiiMP.Sprint1.Task3.V4.Lib", "Tyuiu.RomanovskiiMP.Sprint1.Task3.V4.Lib\Tyuiu.RomanovskiiMP.Sprint1.Task3.V4.Lib.csproj", "{3F9D2403-E9E7-40D1-9705-EB82221F0218}"
EndProject
Project("{FAE04EC0-301F-11D3-BF4B-00C04F79EFBC}") = "Tyuiu.RomanovskiiMP.Sprint1.Task3.V4", "Tyuiu.RomanovskiiMP.Sprint1.Task3.V4\Tyuiu.RomanovskiiMP.Sprint1.Task3.V4.csproj", "{C8787243-1A9C-4E20-B7E9-C1274A157348}"
EndProject
Project("{FAE04EC0-301F-11D3-BF4B-00C04F79EFBC}") = "Tyuiu.RomanovskiiMP.Sprint1.Task3.V4.Test", "Tyuiu.RomanovskiiMP.Sprint1.Task3.V4.Test\Tyuiu.RomanovskiiMP.Sprint1.Task3.V4.Test.csproj", "{345A5CF2-46A5-4B9A-874F-378CDBABFC31}"
EndProject
Project("{FAE04EC0-301F-11D3-BF4B-00C04F79EFBC}") = "Tyuiu.RomanovskiiMP.Sprint1.Task1.V30.Lib", "Tyuiu.RomanovskiiMP.Sprint1.Task1.V30.Lib\Tyuiu.RomanovskiiMP.Sprint1.Task1.V30.Lib.csproj", "{2CD56D7A-12AF-48B1-A788-9B9091414CE9}"
EndProject
Project("{FAE04EC0-301F-11D3-BF4B-00C04F79EFBC}") = "Tyuiu.RomanovskiiMP.Sprint1.Task1.V30.Test", "Tyuiu.RomanovskiiMP.Sprint1.Task1.V30.Test\Tyuiu.RomanovskiiMP.Sprint1.Task1.V30.Test.csproj", "{EF9E3012-73E5-4E39-93E6-57DDB1B416DA}"
EndProject
Project("{FAE04EC0-301F-11D3-BF4B-00C04F79EFBC}") = "Tyuiu.RomanovskiiMP.Sprint1.Task1.V30", "Tyuiu.RomanovskiiMP.Sprint1.Task1.V30\Tyuiu.RomanovskiiMP.Sprint1.Task1.V30.csproj", "{10706C37-6D62-423D-8FA3-B9ACD57D874F}"
EndProject
Project("{2150E333-8FDC-42A3-9474-1A3956D46DE8}") = "Task4", "Task4", "{4A6F88C8-3568-46E9-BAEF-2FBC4263BC67}"
EndProject
Project("{FAE04EC0-301F-11D3-BF4B-00C04F79EFBC}") = "Tyuiu.RomanovskiiMP.Sprint1.Task4.V15.Lib", "Tyuiu.RomanovskiiMP.Sprint1.Task4.V15.Lib\Tyuiu.RomanovskiiMP.Sprint1.Task4.V15.Lib.csproj", "{1FBBB73A-FBA7-4775-B8D4-E5221120A0E0}"
EndProject
Project("{FAE04EC0-301F-11D3-BF4B-00C04F79EFBC}") = "Tyuiu.RomanovskiiMP.Sprint1.Task4.V15.Test", "Tyuiu.RomanovskiiMP.Sprint1.Task4.V15.Test\Tyuiu.RomanovskiiMP.Sprint1.Task4.V15.Test.csproj", "{E38E5241-B669-4141-B508-DB9496513F05}"
EndProject
Project("{FAE04EC0-301F-11D3-BF4B-00C04F79EFBC}") = "Tyuiu.RomanovskiiMP.Sprint1.Task4.V15", "Tyuiu.RomanovskiiMP.Sprint1.Task4.V15\Tyuiu.RomanovskiiMP.Sprint1.Task4.V15.csproj", "{CB38C942-669F-4DA8-8AE9-565EFF2A0B56}"
EndProject
Global
	GlobalSection(SolutionConfigurationPlatforms) = preSolution
		Debug|Any CPU = Debug|Any CPU
		Release|Any CPU = Release|Any CPU
	EndGlobalSection
	GlobalSection(ProjectConfigurationPlatforms) = postSolution
		{7B831412-661F-4371-8D7C-F29DC2AB0A98}.Debug|Any CPU.ActiveCfg = Debug|Any CPU
		{7B831412-661F-4371-8D7C-F29DC2AB0A98}.Debug|Any CPU.Build.0 = Debug|Any CPU
		{7B831412-661F-4371-8D7C-F29DC2AB0A98}.Release|Any CPU.ActiveCfg = Release|Any CPU
		{7B831412-661F-4371-8D7C-F29DC2AB0A98}.Release|Any CPU.Build.0 = Release|Any CPU
		{B5BA18E9-CFF1-4401-8435-A2ACEA78C9D7}.Debug|Any CPU.ActiveCfg = Debug|Any CPU
		{B5BA18E9-CFF1-4401-8435-A2ACEA78C9D7}.Debug|Any CPU.Build.0 = Debug|Any CPU
		{B5BA18E9-CFF1-4401-8435-A2ACEA78C9D7}.Release|Any CPU.ActiveCfg = Release|Any CPU
		{B5BA18E9-CFF1-4401-8435-A2ACEA78C9D7}.Release|Any CPU.Build.0 = Release|Any CPU
		{8BCF08B0-D9C4-4C9F-961E-4042EF686CBD}.Debug|Any CPU.ActiveCfg = Debug|Any CPU
		{8BCF08B0-D9C4-4C9F-961E-4042EF686CBD}.Debug|Any CPU.Build.0 = Debug|Any CPU
		{8BCF08B0-D9C4-4C9F-961E-4042EF686CBD}.Release|Any CPU.ActiveCfg = Release|Any CPU
		{8BCF08B0-D9C4-4C9F-961E-4042EF686CBD}.Release|Any CPU.Build.0 = Release|Any CPU
		{E13BD7A1-3C16-43DE-B451-D7F0ADA247C1}.Debug|Any CPU.ActiveCfg = Debug|Any CPU
		{E13BD7A1-3C16-43DE-B451-D7F0ADA247C1}.Debug|Any CPU.Build.0 = Debug|Any CPU
		{E13BD7A1-3C16-43DE-B451-D7F0ADA247C1}.Release|Any CPU.ActiveCfg = Release|Any CPU
		{E13BD7A1-3C16-43DE-B451-D7F0ADA247C1}.Release|Any CPU.Build.0 = Release|Any CPU
		{903F8C6F-7E36-4F45-801F-37E163FB78B4}.Debug|Any CPU.ActiveCfg = Debug|Any CPU
		{903F8C6F-7E36-4F45-801F-37E163FB78B4}.Debug|Any CPU.Build.0 = Debug|Any CPU
		{903F8C6F-7E36-4F45-801F-37E163FB78B4}.Release|Any CPU.ActiveCfg = Release|Any CPU
		{903F8C6F-7E36-4F45-801F-37E163FB78B4}.Release|Any CPU.Build.0 = Release|Any CPU
		{DC64351F-C321-4C44-BA3C-D384A5CBC07B}.Debug|Any CPU.ActiveCfg = Debug|Any CPU
		{DC64351F-C321-4C44-BA3C-D384A5CBC07B}.Debug|Any CPU.Build.0 = Debug|Any CPU
		{DC64351F-C321-4C44-BA3C-D384A5CBC07B}.Release|Any CPU.ActiveCfg = Release|Any CPU
		{DC64351F-C321-4C44-BA3C-D384A5CBC07B}.Release|Any CPU.Build.0 = Release|Any CPU
		{3F9D2403-E9E7-40D1-9705-EB82221F0218}.Debug|Any CPU.ActiveCfg = Debug|Any CPU
		{3F9D2403-E9E7-40D1-9705-EB82221F0218}.Debug|Any CPU.Build.0 = Debug|Any CPU
		{3F9D2403-E9E7-40D1-9705-EB82221F0218}.Release|Any CPU.ActiveCfg = Release|Any CPU
		{3F9D2403-E9E7-40D1-9705-EB82221F0218}.Release|Any CPU.Build.0 = Release|Any CPU
		{C8787243-1A9C-4E20-B7E9-C1274A157348}.Debug|Any CPU.ActiveCfg = Debug|Any CPU
		{C8787243-1A9C-4E20-B7E9-C1274A157348}.Debug|Any CPU.Build.0 = Debug|Any CPU
		{C8787243-1A9C-4E20-B7E9-C1274A157348}.Release|Any CPU.ActiveCfg = Release|Any CPU
		{C8787243-1A9C-4E20-B7E9-C1274A157348}.Release|Any CPU.Build.0 = Release|Any CPU
		{345A5CF2-46A5-4B9A-874F-378CDBABFC31}.Debug|Any CPU.ActiveCfg = Debug|Any CPU
		{345A5CF2-46A5-4B9A-874F-378CDBABFC31}.Debug|Any CPU.Build.0 = Debug|Any CPU
		{345A5CF2-46A5-4B9A-874F-378CDBABFC31}.Release|Any CPU.ActiveCfg = Release|Any CPU
		{345A5CF2-46A5-4B9A-874F-378CDBABFC31}.Release|Any CPU.Build.0 = Release|Any CPU
		{2CD56D7A-12AF-48B1-A788-9B9091414CE9}.Debug|Any CPU.ActiveCfg = Debug|Any CPU
		{2CD56D7A-12AF-48B1-A788-9B9091414CE9}.Debug|Any CPU.Build.0 = Debug|Any CPU
		{2CD56D7A-12AF-48B1-A788-9B9091414CE9}.Release|Any CPU.ActiveCfg = Release|Any CPU
		{2CD56D7A-12AF-48B1-A788-9B9091414CE9}.Release|Any CPU.Build.0 = Release|Any CPU
		{EF9E3012-73E5-4E39-93E6-57DDB1B416DA}.Debug|Any CPU.ActiveCfg = Debug|Any CPU
		{EF9E3012-73E5-4E39-93E6-57DDB1B416DA}.Debug|Any CPU.Build.0 = Debug|Any CPU
		{EF9E3012-73E5-4E39-93E6-57DDB1B416DA}.Release|Any CPU.ActiveCfg = Release|Any CPU
		{EF9E3012-73E5-4E39-93E6-57DDB1B416DA}.Release|Any CPU.Build.0 = Release|Any CPU
		{10706C37-6D62-423D-8FA3-B9ACD57D874F}.Debug|Any CPU.ActiveCfg = Debug|Any CPU
		{10706C37-6D62-423D-8FA3-B9ACD57D874F}.Debug|Any CPU.Build.0 = Debug|Any CPU
		{10706C37-6D62-423D-8FA3-B9ACD57D874F}.Release|Any CPU.ActiveCfg = Release|Any CPU
		{10706C37-6D62-423D-8FA3-B9ACD57D874F}.Release|Any CPU.Build.0 = Release|Any CPU
		{1FBBB73A-FBA7-4775-B8D4-E5221120A0E0}.Debug|Any CPU.ActiveCfg = Debug|Any CPU
		{1FBBB73A-FBA7-4775-B8D4-E5221120A0E0}.Debug|Any CPU.Build.0 = Debug|Any CPU
		{1FBBB73A-FBA7-4775-B8D4-E5221120A0E0}.Release|Any CPU.ActiveCfg = Release|Any CPU
		{1FBBB73A-FBA7-4775-B8D4-E5221120A0E0}.Release|Any CPU.Build.0 = Release|Any CPU
		{E38E5241-B669-4141-B508-DB9496513F05}.Debug|Any CPU.ActiveCfg = Debug|Any CPU
		{E38E5241-B669-4141-B508-DB9496513F05}.Debug|Any CPU.Build.0 = Debug|Any CPU
		{E38E5241-B669-4141-B508-DB9496513F05}.Release|Any CPU.ActiveCfg = Release|Any CPU
		{E38E5241-B669-4141-B508-DB9496513F05}.Release|Any CPU.Build.0 = Release|Any CPU
		{CB38C942-669F-4DA8-8AE9-565EFF2A0B56}.Debug|Any CPU.ActiveCfg = Debug|Any CPU
		{CB38C942-669F-4DA8-8AE9-565EFF2A0B56}.Debug|Any CPU.Build.0 = Debug|Any CPU
		{CB38C942-669F-4DA8-8AE9-565EFF2A0B56}.Release|Any CPU.ActiveCfg = Release|Any CPU
		{CB38C942-669F-4DA8-8AE9-565EFF2A0B56}.Release|Any CPU.Build.0 = Release|Any CPU
	EndGlobalSection
	GlobalSection(SolutionProperties) = preSolution
		HideSolutionNode = FALSE
	EndGlobalSection
	GlobalSection(NestedProjects) = preSolution
		{7B831412-661F-4371-8D7C-F29DC2AB0A98} = {02EA681E-C7D8-13C7-8484-4AC65E1B71E8}
		{B5BA18E9-CFF1-4401-8435-A2ACEA78C9D7} = {02EA681E-C7D8-13C7-8484-4AC65E1B71E8}
		{8BCF08B0-D9C4-4C9F-961E-4042EF686CBD} = {02EA681E-C7D8-13C7-8484-4AC65E1B71E8}
		{E13BD7A1-3C16-43DE-B451-D7F0ADA247C1} = {2D9C40C3-6AB7-449A-B022-EA5E51772032}
		{903F8C6F-7E36-4F45-801F-37E163FB78B4} = {2D9C40C3-6AB7-449A-B022-EA5E51772032}
		{DC64351F-C321-4C44-BA3C-D384A5CBC07B} = {2D9C40C3-6AB7-449A-B022-EA5E51772032}
		{3F9D2403-E9E7-40D1-9705-EB82221F0218} = {99D8C3AC-A31B-421E-B62D-F9D1D71CB87B}
		{C8787243-1A9C-4E20-B7E9-C1274A157348} = {99D8C3AC-A31B-421E-B62D-F9D1D71CB87B}
		{345A5CF2-46A5-4B9A-874F-378CDBABFC31} = {99D8C3AC-A31B-421E-B62D-F9D1D71CB87B}
		{2CD56D7A-12AF-48B1-A788-9B9091414CE9} = {9665AAC4-A11E-4490-9A85-0987EBAEF6CE}
		{EF9E3012-73E5-4E39-93E6-57DDB1B416DA} = {9665AAC4-A11E-4490-9A85-0987EBAEF6CE}
		{10706C37-6D62-423D-8FA3-B9ACD57D874F} = {9665AAC4-A11E-4490-9A85-0987EBAEF6CE}
		{1FBBB73A-FBA7-4775-B8D4-E5221120A0E0} = {4A6F88C8-3568-46E9-BAEF-2FBC4263BC67}
		{E38E5241-B669-4141-B508-DB9496513F05} = {4A6F88C8-3568-46E9-BAEF-2FBC4263BC67}
		{CB38C942-669F-4DA8-8AE9-565EFF2A0B56} = {4A6F88C8-3568-46E9-BAEF-2FBC4263BC67}
	EndGlobalSection
	GlobalSection(ExtensibilityGlobals) = postSolution
		SolutionGuid = {760A2659-4BFC-4F91-AF53-7E0F3E86799A}
	EndGlobalSection
EndGlobal
